Microsoft Visual Studio Solution File, Format Version 12.00
# Visual Studio Version 17
VisualStudioVersion = 17.5.2.0
MinimumVisualStudioVersion = 10.0.40219.1
Project("{FAE04EC0-301F-11D3-BF4B-00C04F79EFBC}") = "T1.9", "T1.9.csproj", "{FB8D5F3E-6E38-C569-C558-0F1B7A43627B}"
EndProject
Global
	GlobalSection(SolutionConfigurationPlatforms) = preSolution
		Debug|Any CPU = Debug|Any CPU
		Release|Any CPU = Release|Any CPU
	EndGlobalSection
	GlobalSection(ProjectConfigurationPlatforms) = postSolution
		{FB8D5F3E-6E38-C569-C558-0F1B7A43627B}.Debug|Any CPU.ActiveCfg = Debug|Any CPU
		{FB8D5F3E-6E38-C569-C558-0F1B7A43627B}.Debug|Any CPU.Build.0 = Debug|Any CPU
		{FB8D5F3E-6E38-C569-C558-0F1B7A43627B}.Release|Any CPU.ActiveCfg = Release|Any CPU
		{FB8D5F3E-6E38-C569-C558-0F1B7A43627B}.Release|Any CPU.Build.0 = Release|Any CPU
	EndGlobalSection
	GlobalSection(SolutionProperties) = preSolution
		HideSolutionNode = FALSE
	EndGlobalSection
	GlobalSection(ExtensibilityGlobals) = postSolution
		SolutionGuid = {DC9139B4-0D6F-4BCA-9162-CAE819ABCE74}
	EndGlobalSection
EndGlobal
